// !$*UTF8*$!
{
	archiveVersion = 1;
	classes = {
	};
	objectVersion = 48;
	objects = {

/* Begin PBXBuildFile section */
		82FAC02902EF4FFB4140B22C /* libPods-CommonUserDemo.a in Frameworks */ = {isa = PBXBuildFile; fileRef = FBBF8453B27E713948E69902 /* libPods-CommonUserDemo.a */; };
		993539D91FC82D2A004E55F3 /* AppDelegate.m in Sources */ = {isa = PBXBuildFile; fileRef = 993539D81FC82D2A004E55F3 /* AppDelegate.m */; };
		993539DC1FC82D2A004E55F3 /* ViewController.m in Sources */ = {isa = PBXBuildFile; fileRef = 993539DB1FC82D2A004E55F3 /* ViewController.m */; };
		993539DF1FC82D2A004E55F3 /* Main.storyboard in Resources */ = {isa = PBXBuildFile; fileRef = 993539DD1FC82D2A004E55F3 /* Main.storyboard */; };
		993539E11FC82D2A004E55F3 /* Assets.xcassets in Resources */ = {isa = PBXBuildFile; fileRef = 993539E01FC82D2A004E55F3 /* Assets.xcassets */; };
		993539E41FC82D2A004E55F3 /* LaunchScreen.storyboard in Resources */ = {isa = PBXBuildFile; fileRef = 993539E21FC82D2A004E55F3 /* LaunchScreen.storyboard */; };
		993539E71FC82D2A004E55F3 /* main.m in Sources */ = {isa = PBXBuildFile; fileRef = 993539E61FC82D2A004E55F3 /* main.m */; };
		99463E7A1FCBC02B0047E597 /* MyUser.m in Sources */ = {isa = PBXBuildFile; fileRef = 99463E791FCBC02B0047E597 /* MyUser.m */; };
		FAF49C9820F492A8006EB254 /* CLUser.m in Sources */ = {isa = PBXBuildFile; fileRef = FAF49C9720F492A8006EB254 /* CLUser.m */; };
/* End PBXBuildFile section */

/* Begin PBXFileReference section */
		900A9728EA4D0EC6EB2E82EF /* Pods-CommonUserDemo.debug.xcconfig */ = {isa = PBXFileReference; includeInIndex = 1; lastKnownFileType = text.xcconfig; name = "Pods-CommonUserDemo.debug.xcconfig"; path = "Pods/Target Support Files/Pods-CommonUserDemo/Pods-CommonUserDemo.debug.xcconfig"; sourceTree = "<group>"; };
		993539D41FC82D2A004E55F3 /* CommonUserDemo.app */ = {isa = PBXFileReference; explicitFileType = wrapper.application; includeInIndex = 0; path = CommonUserDemo.app; sourceTree = BUILT_PRODUCTS_DIR; };
		993539D71FC82D2A004E55F3 /* AppDelegate.h */ = {isa = PBXFileReference; lastKnownFileType = sourcecode.c.h; path = AppDelegate.h; sourceTree = "<group>"; };
		993539D81FC82D2A004E55F3 /* AppDelegate.m */ = {isa = PBXFileReference; lastKnownFileType = sourcecode.c.objc; path = AppDelegate.m; sourceTree = "<group>"; };
		993539DA1FC82D2A004E55F3 /* ViewController.h */ = {isa = PBXFileReference; lastKnownFileType = sourcecode.c.h; path = ViewController.h; sourceTree = "<group>"; };
		993539DB1FC82D2A004E55F3 /* ViewController.m */ = {isa = PBXFileReference; lastKnownFileType = sourcecode.c.objc; path = ViewController.m; sourceTree = "<group>"; };
		993539DE1FC82D2A004E55F3 /* Base */ = {isa = PBXFileReference; lastKnownFileType = file.storyboard; name = Base; path = Base.lproj/Main.storyboard; sourceTree = "<group>"; };
		993539E01FC82D2A004E55F3 /* Assets.xcassets */ = {isa = PBXFileReference; lastKnownFileType = folder.assetcatalog; path = Assets.xcassets; sourceTree = "<group>"; };
		993539E31FC82D2A004E55F3 /* Base */ = {isa = PBXFileReference; lastKnownFileType = file.storyboard; name = Base; path = Base.lproj/LaunchScreen.storyboard; sourceTree = "<group>"; };
		993539E51FC82D2A004E55F3 /* Info.plist */ = {isa = PBXFileReference; lastKnownFileType = text.plist.xml; path = Info.plist; sourceTree = "<group>"; };
		993539E61FC82D2A004E55F3 /* main.m */ = {isa = PBXFileReference; lastKnownFileType = sourcecode.c.objc; path = main.m; sourceTree = "<group>"; };
		99463E781FCBC02B0047E597 /* MyUser.h */ = {isa = PBXFileReference; lastKnownFileType = sourcecode.c.h; path = MyUser.h; sourceTree = "<group>"; };
		99463E791FCBC02B0047E597 /* MyUser.m */ = {isa = PBXFileReference; lastKnownFileType = sourcecode.c.objc; path = MyUser.m; sourceTree = "<group>"; };
		DBB930CA1F23E880784A45DF /* Pods-CommonUserDemo.release.xcconfig */ = {isa = PBXFileReference; includeInIndex = 1; lastKnownFileType = text.xcconfig; name = "Pods-CommonUserDemo.release.xcconfig"; path = "Pods/Target Support Files/Pods-CommonUserDemo/Pods-CommonUserDemo.release.xcconfig"; sourceTree = "<group>"; };
		FAF49C9620F492A8006EB254 /* CLUser.h */ = {isa = PBXFileReference; lastKnownFileType = sourcecode.c.h; path = CLUser.h; sourceTree = "<group>"; };
		FAF49C9720F492A8006EB254 /* CLUser.m */ = {isa = PBXFileReference; lastKnownFileType = sourcecode.c.objc; path = CLUser.m; sourceTree = "<group>"; };
		FBBF8453B27E713948E69902 /* libPods-CommonUserDemo.a */ = {isa = PBXFileReference; explicitFileType = archive.ar; includeInIndex = 0; path = "libPods-CommonUserDemo.a"; sourceTree = BUILT_PRODUCTS_DIR; };
/* End PBXFileReference section */

/* Begin PBXFrameworksBuildPhase section */
		993539D11FC82D2A004E55F3 /* Frameworks */ = {
			isa = PBXFrameworksBuildPhase;
			buildActionMask = 2147483647;
			files = (
				82FAC02902EF4FFB4140B22C /* libPods-CommonUserDemo.a in Frameworks */,
			);
			runOnlyForDeploymentPostprocessing = 0;
		};
/* End PBXFrameworksBuildPhase section */

/* Begin PBXGroup section */
		2F5D1F4A71CD5F73814475DE /* Frameworks */ = {
			isa = PBXGroup;
			children = (
				FBBF8453B27E713948E69902 /* libPods-CommonUserDemo.a */,
			);
			name = Frameworks;
			sourceTree = "<group>";
		};
		993539CB1FC82D2A004E55F3 = {
			isa = PBXGroup;
			children = (
				993539D61FC82D2A004E55F3 /* CommonUserDemo */,
				993539D51FC82D2A004E55F3 /* Products */,
				B9A80A6D8E564A399BE158B8 /* Pods */,
				2F5D1F4A71CD5F73814475DE /* Frameworks */,
			);
			sourceTree = "<group>";
		};
		993539D51FC82D2A004E55F3 /* Products */ = {
			isa = PBXGroup;
			children = (
				993539D41FC82D2A004E55F3 /* CommonUserDemo.app */,
			);
			name = Products;
			sourceTree = "<group>";
		};
		993539D61FC82D2A004E55F3 /* CommonUserDemo */ = {
			isa = PBXGroup;
			children = (
				99463E781FCBC02B0047E597 /* MyUser.h */,
				99463E791FCBC02B0047E597 /* MyUser.m */,
				FAF49C9620F492A8006EB254 /* CLUser.h */,
				FAF49C9720F492A8006EB254 /* CLUser.m */,
				993539D71FC82D2A004E55F3 /* AppDelegate.h */,
				993539D81FC82D2A004E55F3 /* AppDelegate.m */,
				993539DA1FC82D2A004E55F3 /* ViewController.h */,
				993539DB1FC82D2A004E55F3 /* ViewController.m */,
				993539DD1FC82D2A004E55F3 /* Main.storyboard */,
				993539E01FC82D2A004E55F3 /* Assets.xcassets */,
				993539E21FC82D2A004E55F3 /* LaunchScreen.storyboard */,
				993539E51FC82D2A004E55F3 /* Info.plist */,
				993539E61FC82D2A004E55F3 /* main.m */,
			);
			path = CommonUserDemo;
			sourceTree = "<group>";
		};
		B9A80A6D8E564A399BE158B8 /* Pods */ = {
			isa = PBXGroup;
			children = (
				900A9728EA4D0EC6EB2E82EF /* Pods-CommonUserDemo.debug.xcconfig */,
				DBB930CA1F23E880784A45DF /* Pods-CommonUserDemo.release.xcconfig */,
			);
			name = Pods;
			sourceTree = "<group>";
		};
/* End PBXGroup section */

/* Begin PBXNativeTarget section */
		993539D31FC82D2A004E55F3 /* CommonUserDemo */ = {
			isa = PBXNativeTarget;
			buildConfigurationList = 993539EA1FC82D2A004E55F3 /* Build configuration list for PBXNativeTarget "CommonUserDemo" */;
			buildPhases = (
				23B6356A1E248130424FD453 /* [CP] Check Pods Manifest.lock */,
				993539D01FC82D2A004E55F3 /* Sources */,
				993539D11FC82D2A004E55F3 /* Frameworks */,
				993539D21FC82D2A004E55F3 /* Resources */,
			);
			buildRules = (
			);
			dependencies = (
			);
			name = CommonUserDemo;
			productName = CommonUserDemo;
			productReference = 993539D41FC82D2A004E55F3 /* CommonUserDemo.app */;
			productType = "com.apple.product-type.application";
		};
/* End PBXNativeTarget section */

/* Begin PBXProject section */
		993539CC1FC82D2A004E55F3 /* Project object */ = {
			isa = PBXProject;
			attributes = {
				LastUpgradeCheck = 0940;
				ORGANIZATIONNAME = github/cjq002;
				TargetAttributes = {
					993539D31FC82D2A004E55F3 = {
						CreatedOnToolsVersion = 9.1;
						ProvisioningStyle = Automatic;
					};
				};
			};
			buildConfigurationList = 993539CF1FC82D2A004E55F3 /* Build configuration list for PBXProject "CommonUserDemo" */;
			compatibilityVersion = "Xcode 8.0";
			developmentRegion = en;
			hasScannedForEncodings = 0;
			knownRegions = (
				en,
				Base,
			);
			mainGroup = 993539CB1FC82D2A004E55F3;
			productRefGroup = 993539D51FC82D2A004E55F3 /* Products */;
			projectDirPath = "";
			projectRoot = "";
			targets = (
				993539D31FC82D2A004E55F3 /* CommonUserDemo */,
			);
		};
/* End PBXProject section */

/* Begin PBXResourcesBuildPhase section */
		993539D21FC82D2A004E55F3 /* Resources */ = {
			isa = PBXResourcesBuildPhase;
			buildActionMask = 2147483647;
			files = (
				993539E41FC82D2A004E55F3 /* LaunchScreen.storyboard in Resources */,
				993539E11FC82D2A004E55F3 /* Assets.xcassets in Resources */,
				993539DF1FC82D2A004E55F3 /* Main.storyboard in Resources */,
			);
			runOnlyForDeploymentPostprocessing = 0;
		};
/* End PBXResourcesBuildPhase section */

/* Begin PBXShellScriptBuildPhase section */
		23B6356A1E248130424FD453 /* [CP] Check Pods Manifest.lock */ = {
			isa = PBXShellScriptBuildPhase;
			buildActionMask = 2147483647;
			files = (
			);
			inputPaths = (
				"${PODS_PODFILE_DIR_PATH}/Podfile.lock",
				"${PODS_ROOT}/Manifest.lock",
			);
			name = "[CP] Check Pods Manifest.lock";
			outputPaths = (
				"$(DERIVED_FILE_DIR)/Pods-CommonUserDemo-checkManifestLockResult.txt",
			);
			runOnlyForDeploymentPostprocessing = 0;
			shellPath = /bin/sh;
			shellScript = "diff \"${PODS_PODFILE_DIR_PATH}/Podfile.lock\" \"${PODS_ROOT}/Manifest.lock\" > /dev/null\nif [ $? != 0 ] ; then\n    # print error to STDERR\n    echo \"error: The sandbox is not in sync with the Podfile.lock. Run 'pod install' or update your CocoaPods installation.\" >&2\n    exit 1\nfi\n# This output is used by Xcode 'outputs' to avoid re-running this script phase.\necho \"SUCCESS\" > \"${SCRIPT_OUTPUT_FILE_0}\"\n";
			showEnvVarsInLog = 0;
		};
/* End PBXShellScriptBuildPhase section */

/* Begin PBXSourcesBuildPhase section */
		993539D01FC82D2A004E55F3 /* Sources */ = {
			isa = PBXSourcesBuildPhase;
			buildActionMask = 2147483647;
			files = (
				99463E7A1FCBC02B0047E597 /* MyUser.m in Sources */,
				993539DC1FC82D2A004E55F3 /* ViewController.m in Sources */,
				993539E71FC82D2A004E55F3 /* main.m in Sources */,
				993539D91FC82D2A004E55F3 /* AppDelegate.m in Sources */,
				FAF49C9820F492A8006EB254 /* CLUser.m in Sources */,
			);
			runOnlyForDeploymentPostprocessing = 0;
		};
/* End PBXSourcesBuildPhase section */

/* Begin PBXVariantGroup section */
		993539DD1FC82D2A004E55F3 /* Main.storyboard */ = {
			isa = PBXVariantGroup;
			children = (
				993539DE1FC82D2A004E55F3 /* Base */,
			);
			name = Main.storyboard;
			sourceTree = "<group>";
		};
		993539E21FC82D2A004E55F3 /* LaunchScreen.storyboard */ = {
			isa = PBXVariantGroup;
			children = (
				993539E31FC82D2A004E55F3 /* Base */,
			);
			name = LaunchScreen.storyboard;
			sourceTree = "<group>";
		};
/* End PBXVariantGroup section */

/* Begin XCBuildConfiguration section */
		993539E81FC82D2A004E55F3 /* Debug */ = {
			isa = XCBuildConfiguration;
			buildSettings = {
				ALWAYS_SEARCH_USER_PATHS = NO;
				CLANG_ANALYZER_NONNULL = YES;
				CLANG_ANALYZER_NUMBER_OBJECT_CONVERSION = YES_AGGRESSIVE;
				CLANG_CXX_LANGUAGE_STANDARD = "gnu++14";
				CLANG_CXX_LIBRARY = "libc++";
				CLANG_ENABLE_MODULES = YES;
				CLANG_ENABLE_OBJC_ARC = YES;
				CLANG_WARN_BLOCK_CAPTURE_AUTORELEASING = YES;
				CLANG_WARN_BOOL_CONVERSION = YES;
				CLANG_WARN_COMMA = YES;
				CLANG_WARN_CONSTANT_CONVERSION = YES;
				CLANG_WARN_DEPRECATED_OBJC_IMPLEMENTATIONS = YES;
				CLANG_WARN_DIRECT_OBJC_ISA_USAGE = YES_ERROR;
				CLANG_WARN_DOCUMENTATION_COMMENTS = YES;
				CLANG_WARN_EMPTY_BODY = YES;
				CLANG_WARN_ENUM_CONVERSION = YES;
				CLANG_WARN_INFINITE_RECURSION = YES;
				CLANG_WARN_INT_CONVERSION = YES;
				CLANG_WARN_NON_LITERAL_NULL_CONVERSION = YES;
				CLANG_WARN_OBJC_IMPLICIT_RETAIN_SELF = YES;
				CLANG_WARN_OBJC_LITERAL_CONVERSION = YES;
				CLANG_WARN_OBJC_ROOT_CLASS = YES_ERROR;
				CLANG_WARN_RANGE_LOOP_ANALYSIS = YES;
				CLANG_WARN_STRICT_PROTOTYPES = YES;
				CLANG_WARN_SUSPICIOUS_MOVE = YES;
				CLANG_WARN_UNGUARDED_AVAILABILITY = YES_AGGRESSIVE;
				CLANG_WARN_UNREACHABLE_CODE = YES;
				CLANG_WARN__DUPLICATE_METHOD_MATCH = YES;
				CODE_SIGN_IDENTITY = "iPhone Developer";
				COPY_PHASE_STRIP = NO;
				DEBUG_INFORMATION_FORMAT = dwarf;
				ENABLE_STRICT_OBJC_MSGSEND = YES;
				ENABLE_TESTABILITY = YES;
				GCC_C_LANGUAGE_STANDARD = gnu11;
				GCC_DYNAMIC_NO_PIC = NO;
				GCC_NO_COMMON_BLOCKS = YES;
				GCC_OPTIMIZATION_LEVEL = 0;
				GCC_PREPROCESSOR_DEFINITIONS = (
					"DEBUG=1",
					"$(inherited)",
				);
				GCC_WARN_64_TO_32_BIT_CONVERSION = YES;
				GCC_WARN_ABOUT_RETURN_TYPE = YES_ERROR;
				GCC_WARN_UNDECLARED_SELECTOR = YES;
				GCC_WARN_UNINITIALIZED_AUTOS = YES_AGGRESSIVE;
				GCC_WARN_UNUSED_FUNCTION = YES;
				GCC_WARN_UNUSED_VARIABLE = YES;
				IPHONEOS_DEPLOYMENT_TARGET = 9.0;
				MTL_ENABLE_DEBUG_INFO = YES;
				ONLY_ACTIVE_ARCH = YES;
				SDKROOT = iphoneos;
			};
			name = Debug;
		};
		993539E91FC82D2A004E55F3 /* Release */ = {
			isa = XCBuildConfiguration;
			buildSettings = {
				ALWAYS_SEARCH_USER_PATHS = NO;
				CLANG_ANALYZER_NONNULL = YES;
				CLANG_ANALYZER_NUMBER_OBJECT_CONVERSION = YES_AGGRESSIVE;
				CLANG_CXX_LANGUAGE_STANDARD = "gnu++14";
				CLANG_CXX_LIBRARY = "libc++";
				CLANG_ENABLE_MODULES = YES;
				CLANG_ENABLE_OBJC_ARC = YES;
				CLANG_WARN_BLOCK_CAPTURE_AUTORELEASING = YES;
				CLANG_WARN_BOOL_CONVERSION = YES;
				CLANG_WARN_COMMA = YES;
				CLANG_WARN_CONSTANT_CONVERSION = YES;
				CLANG_WARN_DEPRECATED_OBJC_IMPLEMENTATIONS = YES;
				CLANG_WARN_DIRECT_OBJC_ISA_USAGE = YES_ERROR;
				CLANG_WARN_DOCUMENTATION_COMMENTS = YES;
				CLANG_WARN_EMPTY_BODY = YES;
				CLANG_WARN_ENUM_CONVERSION = YES;
				CLANG_WARN_INFINITE_RECURSION = YES;
				CLANG_WARN_INT_CONVERSION = YES;
				CLANG_WARN_NON_LITERAL_NULL_CONVERSION = YES;
				CLANG_WARN_OBJC_IMPLICIT_RETAIN_SELF = YES;
				CLANG_WARN_OBJC_LITERAL_CONVERSION = YES;
				CLANG_WARN_OBJC_ROOT_CLASS = YES_ERROR;
				CLANG_WARN_RANGE_LOOP_ANALYSIS = YES;
				CLANG_WARN_STRICT_PROTOTYPES = YES;
				CLANG_WARN_SUSPICIOUS_MOVE = YES;
				CLANG_WARN_UNGUARDED_AVAILABILITY = YES_AGGRESSIVE;
				CLANG_WARN_UNREACHABLE_CODE = YES;
				CLANG_WARN__DUPLICATE_METHOD_MATCH = YES;
				CODE_SIGN_IDENTITY = "iPhone Developer";
				COPY_PHASE_STRIP = NO;
				DEBUG_INFORMATION_FORMAT = "dwarf-with-dsym";
				ENABLE_NS_ASSERTIONS = NO;
				ENABLE_STRICT_OBJC_MSGSEND = YES;
				GCC_C_LANGUAGE_STANDARD = gnu11;
				GCC_NO_COMMON_BLOCKS = YES;
				GCC_WARN_64_TO_32_BIT_CONVERSION = YES;
				GCC_WARN_ABOUT_RETURN_TYPE = YES_ERROR;
				GCC_WARN_UNDECLARED_SELECTOR = YES;
				GCC_WARN_UNINITIALIZED_AUTOS = YES_AGGRESSIVE;
				GCC_WARN_UNUSED_FUNCTION = YES;
				GCC_WARN_UNUSED_VARIABLE = YES;
				IPHONEOS_DEPLOYMENT_TARGET = 9.0;
				MTL_ENABLE_DEBUG_INFO = NO;
				SDKROOT = iphoneos;
				VALIDATE_PRODUCT = YES;
			};
			name = Release;
		};
		993539EB1FC82D2A004E55F3 /* Debug */ = {
			isa = XCBuildConfiguration;
			baseConfigurationReference = 900A9728EA4D0EC6EB2E82EF /* Pods-CommonUserDemo.debug.xcconfig */;
			buildSettings = {
				ASSETCATALOG_COMPILER_APPICON_NAME = AppIcon;
				CODE_SIGN_STYLE = Automatic;
				INFOPLIST_FILE = CommonUserDemo/Info.plist;
				IPHONEOS_DEPLOYMENT_TARGET = 9.0;
				LD_RUNPATH_SEARCH_PATHS = "$(inherited) @executable_path/Frameworks";
				PRODUCT_BUNDLE_IDENTIFIER = com.cjq002.CommonUserDemo;
				PRODUCT_NAME = "$(TARGET_NAME)";
				TARGETED_DEVICE_FAMILY = "1,2";
			};
			name = Debug;
		};
		993539EC1FC82D2A004E55F3 /* Release */ = {
			isa = XCBuildConfiguration;
			baseConfigurationReference = DBB930CA1F23E880784A45DF /* Pods-CommonUserDemo.release.xcconfig */;
			buildSettings = {
				ASSETCATALOG_COMPILER_APPICON_NAME = AppIcon;
				CODE_SIGN_STYLE = Automatic;
				INFOPLIST_FILE = CommonUserDemo/Info.plist;
				IPHONEOS_DEPLOYMENT_TARGET = 9.0;
				LD_RUNPATH_SEARCH_PATHS = "$(inherited) @executable_path/Frameworks";
				PRODUCT_BUNDLE_IDENTIFIER = com.cjq002.CommonUserDemo;
				PRODUCT_NAME = "$(TARGET_NAME)";
				TARGETED_DEVICE_FAMILY = "1,2";
			};
			name = Release;
		};
/* End XCBuildConfiguration section */

/* Begin XCConfigurationList section */
		993539CF1FC82D2A004E55F3 /* Build configuration list for PBXProject "CommonUserDemo" */ = {
			isa = XCConfigurationList;
			buildConfigurations = (
				993539E81FC82D2A004E55F3 /* Debug */,
				993539E91FC82D2A004E55F3 /* Release */,
			);
			defaultConfigurationIsVisible = 0;
			defaultConfigurationName = Release;
		};
		993539EA1FC82D2A004E55F3 /* Build configuration list for PBXNativeTarget "CommonUserDemo" */ = {
			isa = XCConfigurationList;
			buildConfigurations = (
				993539EB1FC82D2A004E55F3 /* Debug */,
				993539EC1FC82D2A004E55F3 /* Release */,
			);
			defaultConfigurationIsVisible = 0;
			defaultConfigurationName = Release;
		};
/* End XCConfigurationList section */
	};
	rootObject = 993539CC1FC82D2A004E55F3 /* Project object */;
}
